// !$*UTF8*$!
{
	archiveVersion = 1;
	classes = {
	};
	objectVersion = 46;
	objects = {

/* Begin PBXBuildFile section */
		041DD19A1DB72D1D00FDDEE6 /* main.m in Sources */ = {isa = PBXBuildFile; fileRef = 041DD1991DB72D1D00FDDEE6 /* main.m */; };
		041DD19D1DB72D1D00FDDEE6 /* AppDelegate.m in Sources */ = {isa = PBXBuildFile; fileRef = 041DD19C1DB72D1D00FDDEE6 /* AppDelegate.m */; };
		041DD1A01DB72D1D00FDDEE6 /* ViewController.m in Sources */ = {isa = PBXBuildFile; fileRef = 041DD19F1DB72D1D00FDDEE6 /* ViewController.m */; };
		041DD1A31DB72D1D00FDDEE6 /* Main.storyboard in Resources */ = {isa = PBXBuildFile; fileRef = 041DD1A11DB72D1D00FDDEE6 /* Main.storyboard */; };
		041DD1A51DB72D1D00FDDEE6 /* Assets.xcassets in Resources */ = {isa = PBXBuildFile; fileRef = 041DD1A41DB72D1D00FDDEE6 /* Assets.xcassets */; };
		041DD1A81DB72D1D00FDDEE6 /* LaunchScreen.storyboard in Resources */ = {isa = PBXBuildFile; fileRef = 041DD1A61DB72D1D00FDDEE6 /* LaunchScreen.storyboard */; };
/* End PBXBuildFile section */

/* Begin PBXFileReference section */
		041DD1951DB72D1D00FDDEE6 /* v常.app */ = {isa = PBXFileReference; explicitFileType = wrapper.application; includeInIndex = 0; path = "v常.app"; sourceTree = BUILT_PRODUCTS_DIR; };
		041DD1991DB72D1D00FDDEE6 /* main.m */ = {isa = PBXFileReference; lastKnownFileType = sourcecode.c.objc; path = main.m; sourceTree = "<group>"; };
		041DD19B1DB72D1D00FDDEE6 /* AppDelegate.h */ = {isa = PBXFileReference; lastKnownFileType = sourcecode.c.h; path = AppDelegate.h; sourceTree = "<group>"; };
		041DD19C1DB72D1D00FDDEE6 /* AppDelegate.m */ = {isa = PBXFileReference; lastKnownFileType = sourcecode.c.objc; path = AppDelegate.m; sourceTree = "<group>"; };
		041DD19E1DB72D1D00FDDEE6 /* ViewController.h */ = {isa = PBXFileReference; lastKnownFileType = sourcecode.c.h; path = ViewController.h; sourceTree = "<group>"; };
		041DD19F1DB72D1D00FDDEE6 /* ViewController.m */ = {isa = PBXFileReference; lastKnownFileType = sourcecode.c.objc; path = ViewController.m; sourceTree = "<group>"; };
		041DD1A21DB72D1D00FDDEE6 /* Base */ = {isa = PBXFileReference; lastKnownFileType = file.storyboard; name = Base; path = Base.lproj/Main.storyboard; sourceTree = "<group>"; };
		041DD1A41DB72D1D00FDDEE6 /* Assets.xcassets */ = {isa = PBXFileReference; lastKnownFileType = folder.assetcatalog; path = Assets.xcassets; sourceTree = "<group>"; };
		041DD1A71DB72D1D00FDDEE6 /* Base */ = {isa = PBXFileReference; lastKnownFileType = file.storyboard; name = Base; path = Base.lproj/LaunchScreen.storyboard; sourceTree = "<group>"; };
		041DD1A91DB72D1D00FDDEE6 /* Info.plist */ = {isa = PBXFileReference; lastKnownFileType = text.plist.xml; path = Info.plist; sourceTree = "<group>"; };
/* End PBXFileReference section */

/* Begin PBXFrameworksBuildPhase section */
		041DD1921DB72D1C00FDDEE6 /* Frameworks */ = {
			isa = PBXFrameworksBuildPhase;
			buildActionMask = 2147483647;
			files = (
			);
			runOnlyForDeploymentPostprocessing = 0;
		};
/* End PBXFrameworksBuildPhase section */

/* Begin PBXGroup section */
		041DD18C1DB72D1C00FDDEE6 = {
			isa = PBXGroup;
			children = (
				041DD1971DB72D1D00FDDEE6 /* v常 */,
				041DD1961DB72D1D00FDDEE6 /* Products */,
			);
			sourceTree = "<group>";
		};
		041DD1961DB72D1D00FDDEE6 /* Products */ = {
			isa = PBXGroup;
			children = (
				041DD1951DB72D1D00FDDEE6 /* v常.app */,
			);
			name = Products;
			sourceTree = "<group>";
		};
		041DD1971DB72D1D00FDDEE6 /* v常 */ = {
			isa = PBXGroup;
			children = (
				041DD19B1DB72D1D00FDDEE6 /* AppDelegate.h */,
				041DD19C1DB72D1D00FDDEE6 /* AppDelegate.m */,
				041DD19E1DB72D1D00FDDEE6 /* ViewController.h */,
				041DD19F1DB72D1D00FDDEE6 /* ViewController.m */,
				041DD1A11DB72D1D00FDDEE6 /* Main.storyboard */,
				041DD1A41DB72D1D00FDDEE6 /* Assets.xcassets */,
				041DD1A61DB72D1D00FDDEE6 /* LaunchScreen.storyboard */,
				041DD1A91DB72D1D00FDDEE6 /* Info.plist */,
				041DD1981DB72D1D00FDDEE6 /* Supporting Files */,
			);
			path = "v常";
			sourceTree = "<group>";
		};
		041DD1981DB72D1D00FDDEE6 /* Supporting Files */ = {
			isa = PBXGroup;
			children = (
				041DD1991DB72D1D00FDDEE6 /* main.m */,
			);
			name = "Supporting Files";
			sourceTree = "<group>";
		};
/* End PBXGroup section */

/* Begin PBXNativeTarget section */
		041DD1941DB72D1C00FDDEE6 /* v常 */ = {
			isa = PBXNativeTarget;
			buildConfigurationList = 041DD1AC1DB72D1D00FDDEE6 /* Build configuration list for PBXNativeTarget "v常" */;
			buildPhases = (
				041DD1911DB72D1C00FDDEE6 /* Sources */,
				041DD1921DB72D1C00FDDEE6 /* Frameworks */,
				041DD1931DB72D1C00FDDEE6 /* Resources */,
			);
			buildRules = (
			);
			dependencies = (
			);
			name = "v常";
			productName = "v常";
			productReference = 041DD1951DB72D1D00FDDEE6 /* v常.app */;
			productType = "com.apple.product-type.application";
		};
/* End PBXNativeTarget section */

/* Begin PBXProject section */
		041DD18D1DB72D1C00FDDEE6 /* Project object */ = {
			isa = PBXProject;
			attributes = {
				LastUpgradeCheck = 0730;
				ORGANIZATIONNAME = Pain;
				TargetAttributes = {
					041DD1941DB72D1C00FDDEE6 = {
						CreatedOnToolsVersion = 7.3.1;
					};
				};
			};
			buildConfigurationList = 041DD1901DB72D1C00FDDEE6 /* Build configuration list for PBXProject "v常" */;
			compatibilityVersion = "Xcode 3.2";
			developmentRegion = English;
			hasScannedForEncodings = 0;
			knownRegions = (
				en,
				Base,
			);
			mainGroup = 041DD18C1DB72D1C00FDDEE6;
			productRefGroup = 041DD1961DB72D1D00FDDEE6 /* Products */;
			projectDirPath = "";
			projectRoot = "";
			targets = (
				041DD1941DB72D1C00FDDEE6 /* v常 */,
			);
		};
/* End PBXProject section */

/* Begin PBXResourcesBuildPhase section */
		041DD1931DB72D1C00FDDEE6 /* Resources */ = {
			isa = PBXResourcesBuildPhase;
			buildActionMask = 2147483647;
			files = (
				041DD1A81DB72D1D00FDDEE6 /* LaunchScreen.storyboard in Resources */,
				041DD1A51DB72D1D00FDDEE6 /* Assets.xcassets in Resources */,
				041DD1A31DB72D1D00FDDEE6 /* Main.storyboard in Resources */,
			);
			runOnlyForDeploymentPostprocessing = 0;
		};
/* End PBXResourcesBuildPhase section */

/* Begin PBXSourcesBuildPhase section */
		041DD1911DB72D1C00FDDEE6 /* Sources */ = {
			isa = PBXSourcesBuildPhase;
			buildActionMask = 2147483647;
			files = (
				041DD1A01DB72D1D00FDDEE6 /* ViewController.m in Sources */,
				041DD19D1DB72D1D00FDDEE6 /* AppDelegate.m in Sources */,
				041DD19A1DB72D1D00FDDEE6 /* main.m in Sources */,
			);
			runOnlyForDeploymentPostprocessing = 0;
		};
/* End PBXSourcesBuildPhase section */

/* Begin PBXVariantGroup section */
		041DD1A11DB72D1D00FDDEE6 /* Main.storyboard */ = {
			isa = PBXVariantGroup;
			children = (
				041DD1A21DB72D1D00FDDEE6 /* Base */,
			);
			name = Main.storyboard;
			sourceTree = "<group>";
		};
		041DD1A61DB72D1D00FDDEE6 /* LaunchScreen.storyboard */ = {
			isa = PBXVariantGroup;
			children = (
				041DD1A71DB72D1D00FDDEE6 /* Base */,
			);
			name = LaunchScreen.storyboard;
			sourceTree = "<group>";
		};
/* End PBXVariantGroup section */

/* Begin XCBuildConfiguration section */
		041DD1AA1DB72D1D00FDDEE6 /* Debug */ = {
			isa = XCBuildConfiguration;
			buildSettings = {
				ALWAYS_SEARCH_USER_PATHS = NO;
				CLANG_ANALYZER_NONNULL = YES;
				CLANG_CXX_LANGUAGE_STANDARD = "gnu++0x";
				CLANG_CXX_LIBRARY = "libc++";
				CLANG_ENABLE_MODULES = YES;
				CLANG_ENABLE_OBJC_ARC = YES;
				CLANG_WARN_BOOL_CONVERSION = YES;
				CLANG_WARN_CONSTANT_CONVERSION = YES;
				CLANG_WARN_DIRECT_OBJC_ISA_USAGE = YES_ERROR;
				CLANG_WARN_EMPTY_BODY = YES;
				CLANG_WARN_ENUM_CONVERSION = YES;
				CLANG_WARN_INT_CONVERSION = YES;
				CLANG_WARN_OBJC_ROOT_CLASS = YES_ERROR;
				CLANG_WARN_UNREACHABLE_CODE = YES;
				CLANG_WARN__DUPLICATE_METHOD_MATCH = YES;
				"CODE_SIGN_IDENTITY[sdk=iphoneos*]" = "iPhone Developer";
				COPY_PHASE_STRIP = NO;
				DEBUG_INFORMATION_FORMAT = dwarf;
				ENABLE_STRICT_OBJC_MSGSEND = YES;
				ENABLE_TESTABILITY = YES;
				GCC_C_LANGUAGE_STANDARD = gnu99;
				GCC_DYNAMIC_NO_PIC = NO;
				GCC_NO_COMMON_BLOCKS = YES;
				GCC_OPTIMIZATION_LEVEL = 0;
				GCC_PREPROCESSOR_DEFINITIONS = (
					"DEBUG=1",
					"$(inherited)",
				);
				GCC_WARN_64_TO_32_BIT_CONVERSION = YES;
				GCC_WARN_ABOUT_RETURN_TYPE = YES_ERROR;
				GCC_WARN_UNDECLARED_SELECTOR = YES;
				GCC_WARN_UNINITIALIZED_AUTOS = YES_AGGRESSIVE;
				GCC_WARN_UNUSED_FUNCTION = YES;
				GCC_WARN_UNUSED_VARIABLE = YES;
				IPHONEOS_DEPLOYMENT_TARGET = 9.3;
				MTL_ENABLE_DEBUG_INFO = YES;
				ONLY_ACTIVE_ARCH = YES;
				SDKROOT = iphoneos;
				TARGETED_DEVICE_FAMILY = "1,2";
			};
			name = Debug;
		};
		041DD1AB1DB72D1D00FDDEE6 /* Release */ = {
			isa = XCBuildConfiguration;
			buildSettings = {
				ALWAYS_SEARCH_USER_PATHS = NO;
				CLANG_ANALYZER_NONNULL = YES;
				CLANG_CXX_LANGUAGE_STANDARD = "gnu++0x";
				CLANG_CXX_LIBRARY = "libc++";
				CLANG_ENABLE_MODULES = YES;
				CLANG_ENABLE_OBJC_ARC = YES;
				CLANG_WARN_BOOL_CONVERSION = YES;
				CLANG_WARN_CONSTANT_CONVERSION = YES;
				CLANG_WARN_DIRECT_OBJC_ISA_USAGE = YES_ERROR;
				CLANG_WARN_EMPTY_BODY = YES;
				CLANG_WARN_ENUM_CONVERSION = YES;
				CLANG_WARN_INT_CONVERSION = YES;
				CLANG_WARN_OBJC_ROOT_CLASS = YES_ERROR;
				CLANG_WARN_UNREACHABLE_CODE = YES;
				CLANG_WARN__DUPLICATE_METHOD_MATCH = YES;
				"CODE_SIGN_IDENTITY[sdk=iphoneos*]" = "iPhone Developer";
				COPY_PHASE_STRIP = NO;
				DEBUG_INFORMATION_FORMAT = "dwarf-with-dsym";
				ENABLE_NS_ASSERTIONS = NO;
				ENABLE_STRICT_OBJC_MSGSEND = YES;
				GCC_C_LANGUAGE_STANDARD = gnu99;
				GCC_NO_COMMON_BLOCKS = YES;
				GCC_WARN_64_TO_32_BIT_CONVERSION = YES;
				GCC_WARN_ABOUT_RETURN_TYPE = YES_ERROR;
				GCC_WARN_UNDECLARED_SELECTOR = YES;
				GCC_WARN_UNINITIALIZED_AUTOS = YES_AGGRESSIVE;
				GCC_WARN_UNUSED_FUNCTION = YES;
				GCC_WARN_UNUSED_VARIABLE = YES;
				IPHONEOS_DEPLOYMENT_TARGET = 9.3;
				MTL_ENABLE_DEBUG_INFO = NO;
				SDKROOT = iphoneos;
				TARGETED_DEVICE_FAMILY = "1,2";
				VALIDATE_PRODUCT = YES;
			};
			name = Release;
		};
		041DD1AD1DB72D1D00FDDEE6 /* Debug */ = {
			isa = XCBuildConfiguration;
			buildSettings = {
				ASSETCATALOG_COMPILER_APPICON_NAME = AppIcon;
				INFOPLIST_FILE = "v常/Info.plist";
				LD_RUNPATH_SEARCH_PATHS = "$(inherited) @executable_path/Frameworks";
				PRODUCT_BUNDLE_IDENTIFIER = "com.it.v-";
				PRODUCT_NAME = "$(TARGET_NAME)";
			};
			name = Debug;
		};
		041DD1AE1DB72D1D00FDDEE6 /* Release */ = {
			isa = XCBuildConfiguration;
			buildSettings = {
				ASSETCATALOG_COMPILER_APPICON_NAME = AppIcon;
				INFOPLIST_FILE = "v常/Info.plist";
				LD_RUNPATH_SEARCH_PATHS = "$(inherited) @executable_path/Frameworks";
				PRODUCT_BUNDLE_IDENTIFIER = "com.it.v-";
				PRODUCT_NAME = "$(TARGET_NAME)";
			};
			name = Release;
		};
/* End XCBuildConfiguration section */

/* Begin XCConfigurationList section */
		041DD1901DB72D1C00FDDEE6 /* Build configuration list for PBXProject "v常" */ = {
			isa = XCConfigurationList;
			buildConfigurations = (
				041DD1AA1DB72D1D00FDDEE6 /* Debug */,
				041DD1AB1DB72D1D00FDDEE6 /* Release */,
			);
			defaultConfigurationIsVisible = 0;
			defaultConfigurationName = Release;
		};
		041DD1AC1DB72D1D00FDDEE6 /* Build configuration list for PBXNativeTarget "v常" */ = {
			isa = XCConfigurationList;
			buildConfigurations = (
				041DD1AD1DB72D1D00FDDEE6 /* Debug */,
				041DD1AE1DB72D1D00FDDEE6 /* Release */,
			);
			defaultConfigurationIsVisible = 0;
		};
/* End XCConfigurationList section */
	};
	rootObject = 041DD18D1DB72D1C00FDDEE6 /* Project object */;
}
